
Microsoft Visual Studio Solution File, Format Version 12.00
# Visual Studio Version 16
VisualStudioVersion = 16.0.29519.181
MinimumVisualStudioVersion = 10.0.40219.1
Project("{9A19103F-16F7-4668-BE54-9A1E7A4F7556}") = "SoftwareForecasting", "SoftwareForecasting\SoftwareForecasting.csproj", "{EE5A9AA7-CDC7-4B56-A04A-25D3160AE4DD}"
EndProject
Project("{8BC9CEB8-8B4A-11D0-8D11-00A0C91BC942}") = "MathsLib", "MathsLib\MathsLib.vcxproj", "{3CFF7EF0-1DFA-4B2E-ACF7-889B26B5F652}"
EndProject
Project("{8BC9CEB8-8B4A-11D0-8D11-00A0C91BC942}") = "Learnings", "Learnings\Learnings.vcxproj", "{96E11659-68CB-41A1-9FEA-1434A58F6E09}"
EndProject
Project("{8BC9CEB8-8B4A-11D0-8D11-00A0C91BC942}") = "ProdForecast", "ProdForecast\ProdForecast.vcxproj", "{786C5B0F-D6EC-473B-90E1-5309D25D2C50}"
EndProject
Project("{8BC9CEB8-8B4A-11D0-8D11-00A0C91BC942}") = "Forecast", "Forecast\Forecast.vcxproj", "{E7A55E29-00DC-49D7-B7FF-9C68748F9BAF}"
EndProject
Project("{8BC9CEB8-8B4A-11D0-8D11-00A0C91BC942}") = "TestProject", "TestProject\TestProject.vcxproj", "{DB3E3ACA-7B95-4353-BA3A-32DB9C509259}"
	ProjectSection(ProjectDependencies) = postProject
		{E7A55E29-00DC-49D7-B7FF-9C68748F9BAF} = {E7A55E29-00DC-49D7-B7FF-9C68748F9BAF}
		{32870CDB-0848-456C-9AC3-7DEFEC10F475} = {32870CDB-0848-456C-9AC3-7DEFEC10F475}
	EndProjectSection
EndProject
Project("{8BC9CEB8-8B4A-11D0-8D11-00A0C91BC942}") = "MathematicsLibrary", "MathematicsLibrary\MathematicsLibrary.vcxproj", "{32870CDB-0848-456C-9AC3-7DEFEC10F475}"
EndProject
Global
	GlobalSection(SolutionConfigurationPlatforms) = preSolution
		Debug|Any CPU = Debug|Any CPU
		Debug|ARM = Debug|ARM
		Debug|ARM64 = Debug|ARM64
		Debug|x64 = Debug|x64
		Debug|x86 = Debug|x86
		Release|Any CPU = Release|Any CPU
		Release|ARM = Release|ARM
		Release|ARM64 = Release|ARM64
		Release|x64 = Release|x64
		Release|x86 = Release|x86
	EndGlobalSection
	GlobalSection(ProjectConfigurationPlatforms) = postSolution
		{EE5A9AA7-CDC7-4B56-A04A-25D3160AE4DD}.Debug|Any CPU.ActiveCfg = Debug|Any CPU
		{EE5A9AA7-CDC7-4B56-A04A-25D3160AE4DD}.Debug|Any CPU.Build.0 = Debug|Any CPU
		{EE5A9AA7-CDC7-4B56-A04A-25D3160AE4DD}.Debug|ARM.ActiveCfg = Debug|Any CPU
		{EE5A9AA7-CDC7-4B56-A04A-25D3160AE4DD}.Debug|ARM.Build.0 = Debug|Any CPU
		{EE5A9AA7-CDC7-4B56-A04A-25D3160AE4DD}.Debug|ARM64.ActiveCfg = Debug|Any CPU
		{EE5A9AA7-CDC7-4B56-A04A-25D3160AE4DD}.Debug|ARM64.Build.0 = Debug|Any CPU
		{EE5A9AA7-CDC7-4B56-A04A-25D3160AE4DD}.Debug|x64.ActiveCfg = Debug|Any CPU
		{EE5A9AA7-CDC7-4B56-A04A-25D3160AE4DD}.Debug|x64.Build.0 = Debug|Any CPU
		{EE5A9AA7-CDC7-4B56-A04A-25D3160AE4DD}.Debug|x86.ActiveCfg = Debug|Any CPU
		{EE5A9AA7-CDC7-4B56-A04A-25D3160AE4DD}.Debug|x86.Build.0 = Debug|Any CPU
		{EE5A9AA7-CDC7-4B56-A04A-25D3160AE4DD}.Release|Any CPU.ActiveCfg = Release|Any CPU
		{EE5A9AA7-CDC7-4B56-A04A-25D3160AE4DD}.Release|Any CPU.Build.0 = Release|Any CPU
		{EE5A9AA7-CDC7-4B56-A04A-25D3160AE4DD}.Release|ARM.ActiveCfg = Release|Any CPU
		{EE5A9AA7-CDC7-4B56-A04A-25D3160AE4DD}.Release|ARM.Build.0 = Release|Any CPU
		{EE5A9AA7-CDC7-4B56-A04A-25D3160AE4DD}.Release|ARM64.ActiveCfg = Release|Any CPU
		{EE5A9AA7-CDC7-4B56-A04A-25D3160AE4DD}.Release|ARM64.Build.0 = Release|Any CPU
		{EE5A9AA7-CDC7-4B56-A04A-25D3160AE4DD}.Release|x64.ActiveCfg = Release|Any CPU
		{EE5A9AA7-CDC7-4B56-A04A-25D3160AE4DD}.Release|x64.Build.0 = Release|Any CPU
		{EE5A9AA7-CDC7-4B56-A04A-25D3160AE4DD}.Release|x86.ActiveCfg = Release|Any CPU
		{EE5A9AA7-CDC7-4B56-A04A-25D3160AE4DD}.Release|x86.Build.0 = Release|Any CPU
		{3CFF7EF0-1DFA-4B2E-ACF7-889B26B5F652}.Debug|Any CPU.ActiveCfg = Debug|Win32
		{3CFF7EF0-1DFA-4B2E-ACF7-889B26B5F652}.Debug|ARM.ActiveCfg = Debug|Win32
		{3CFF7EF0-1DFA-4B2E-ACF7-889B26B5F652}.Debug|ARM64.ActiveCfg = Debug|Win32
		{3CFF7EF0-1DFA-4B2E-ACF7-889B26B5F652}.Debug|x64.ActiveCfg = Debug|x64
		{3CFF7EF0-1DFA-4B2E-ACF7-889B26B5F652}.Debug|x64.Build.0 = Debug|x64
		{3CFF7EF0-1DFA-4B2E-ACF7-889B26B5F652}.Debug|x86.ActiveCfg = Debug|Win32
		{3CFF7EF0-1DFA-4B2E-ACF7-889B26B5F652}.Debug|x86.Build.0 = Debug|Win32
		{3CFF7EF0-1DFA-4B2E-ACF7-889B26B5F652}.Release|Any CPU.ActiveCfg = Release|Win32
		{3CFF7EF0-1DFA-4B2E-ACF7-889B26B5F652}.Release|ARM.ActiveCfg = Release|Win32
		{3CFF7EF0-1DFA-4B2E-ACF7-889B26B5F652}.Release|ARM64.ActiveCfg = Release|Win32
		{3CFF7EF0-1DFA-4B2E-ACF7-889B26B5F652}.Release|x64.ActiveCfg = Release|x64
		{3CFF7EF0-1DFA-4B2E-ACF7-889B26B5F652}.Release|x64.Build.0 = Release|x64
		{3CFF7EF0-1DFA-4B2E-ACF7-889B26B5F652}.Release|x86.ActiveCfg = Release|Win32
		{3CFF7EF0-1DFA-4B2E-ACF7-889B26B5F652}.Release|x86.Build.0 = Release|Win32
		{96E11659-68CB-41A1-9FEA-1434A58F6E09}.Debug|Any CPU.ActiveCfg = Debug|Win32
		{96E11659-68CB-41A1-9FEA-1434A58F6E09}.Debug|ARM.ActiveCfg = Debug|Win32
		{96E11659-68CB-41A1-9FEA-1434A58F6E09}.Debug|ARM64.ActiveCfg = Debug|Win32
		{96E11659-68CB-41A1-9FEA-1434A58F6E09}.Debug|x64.ActiveCfg = Debug|x64
		{96E11659-68CB-41A1-9FEA-1434A58F6E09}.Debug|x64.Build.0 = Debug|x64
		{96E11659-68CB-41A1-9FEA-1434A58F6E09}.Debug|x86.ActiveCfg = Debug|Win32
		{96E11659-68CB-41A1-9FEA-1434A58F6E09}.Debug|x86.Build.0 = Debug|Win32
		{96E11659-68CB-41A1-9FEA-1434A58F6E09}.Release|Any CPU.ActiveCfg = Release|Win32
		{96E11659-68CB-41A1-9FEA-1434A58F6E09}.Release|ARM.ActiveCfg = Release|Win32
		{96E11659-68CB-41A1-9FEA-1434A58F6E09}.Release|ARM64.ActiveCfg = Release|Win32
		{96E11659-68CB-41A1-9FEA-1434A58F6E09}.Release|x64.ActiveCfg = Release|x64
		{96E11659-68CB-41A1-9FEA-1434A58F6E09}.Release|x64.Build.0 = Release|x64
		{96E11659-68CB-41A1-9FEA-1434A58F6E09}.Release|x86.ActiveCfg = Release|Win32
		{96E11659-68CB-41A1-9FEA-1434A58F6E09}.Release|x86.Build.0 = Release|Win32
		{786C5B0F-D6EC-473B-90E1-5309D25D2C50}.Debug|Any CPU.ActiveCfg = Debug|Win32
		{786C5B0F-D6EC-473B-90E1-5309D25D2C50}.Debug|ARM.ActiveCfg = Debug|Win32
		{786C5B0F-D6EC-473B-90E1-5309D25D2C50}.Debug|ARM64.ActiveCfg = Debug|Win32
		{786C5B0F-D6EC-473B-90E1-5309D25D2C50}.Debug|x64.ActiveCfg = Debug|x64
		{786C5B0F-D6EC-473B-90E1-5309D25D2C50}.Debug|x64.Build.0 = Debug|x64
		{786C5B0F-D6EC-473B-90E1-5309D25D2C50}.Debug|x86.ActiveCfg = Debug|Win32
		{786C5B0F-D6EC-473B-90E1-5309D25D2C50}.Debug|x86.Build.0 = Debug|Win32
		{786C5B0F-D6EC-473B-90E1-5309D25D2C50}.Release|Any CPU.ActiveCfg = Release|Win32
		{786C5B0F-D6EC-473B-90E1-5309D25D2C50}.Release|ARM.ActiveCfg = Release|Win32
		{786C5B0F-D6EC-473B-90E1-5309D25D2C50}.Release|ARM64.ActiveCfg = Release|Win32
		{786C5B0F-D6EC-473B-90E1-5309D25D2C50}.Release|x64.ActiveCfg = Release|x64
		{786C5B0F-D6EC-473B-90E1-5309D25D2C50}.Release|x64.Build.0 = Release|x64
		{786C5B0F-D6EC-473B-90E1-5309D25D2C50}.Release|x86.ActiveCfg = Release|Win32
		{786C5B0F-D6EC-473B-90E1-5309D25D2C50}.Release|x86.Build.0 = Release|Win32
		{E7A55E29-00DC-49D7-B7FF-9C68748F9BAF}.Debug|Any CPU.ActiveCfg = Debug|Win32
		{E7A55E29-00DC-49D7-B7FF-9C68748F9BAF}.Debug|ARM.ActiveCfg = Debug|Win32
		{E7A55E29-00DC-49D7-B7FF-9C68748F9BAF}.Debug|ARM64.ActiveCfg = Debug|Win32
		{E7A55E29-00DC-49D7-B7FF-9C68748F9BAF}.Debug|x64.ActiveCfg = Debug|x64
		{E7A55E29-00DC-49D7-B7FF-9C68748F9BAF}.Debug|x64.Build.0 = Debug|x64
		{E7A55E29-00DC-49D7-B7FF-9C68748F9BAF}.Debug|x86.ActiveCfg = Debug|Win32
		{E7A55E29-00DC-49D7-B7FF-9C68748F9BAF}.Debug|x86.Build.0 = Debug|Win32
		{E7A55E29-00DC-49D7-B7FF-9C68748F9BAF}.Release|Any CPU.ActiveCfg = Release|Win32
		{E7A55E29-00DC-49D7-B7FF-9C68748F9BAF}.Release|ARM.ActiveCfg = Release|Win32
		{E7A55E29-00DC-49D7-B7FF-9C68748F9BAF}.Release|ARM64.ActiveCfg = Release|Win32
		{E7A55E29-00DC-49D7-B7FF-9C68748F9BAF}.Release|x64.ActiveCfg = Release|x64
		{E7A55E29-00DC-49D7-B7FF-9C68748F9BAF}.Release|x64.Build.0 = Release|x64
		{E7A55E29-00DC-49D7-B7FF-9C68748F9BAF}.Release|x86.ActiveCfg = Release|Win32
		{E7A55E29-00DC-49D7-B7FF-9C68748F9BAF}.Release|x86.Build.0 = Release|Win32
		{DB3E3ACA-7B95-4353-BA3A-32DB9C509259}.Debug|Any CPU.ActiveCfg = Debug|Win32
		{DB3E3ACA-7B95-4353-BA3A-32DB9C509259}.Debug|ARM.ActiveCfg = Debug|Win32
		{DB3E3ACA-7B95-4353-BA3A-32DB9C509259}.Debug|ARM64.ActiveCfg = Debug|Win32
		{DB3E3ACA-7B95-4353-BA3A-32DB9C509259}.Debug|x64.ActiveCfg = Debug|x64
		{DB3E3ACA-7B95-4353-BA3A-32DB9C509259}.Debug|x64.Build.0 = Debug|x64
		{DB3E3ACA-7B95-4353-BA3A-32DB9C509259}.Debug|x86.ActiveCfg = Debug|Win32
		{DB3E3ACA-7B95-4353-BA3A-32DB9C509259}.Debug|x86.Build.0 = Debug|Win32
		{DB3E3ACA-7B95-4353-BA3A-32DB9C509259}.Release|Any CPU.ActiveCfg = Release|Win32
		{DB3E3ACA-7B95-4353-BA3A-32DB9C509259}.Release|ARM.ActiveCfg = Release|Win32
		{DB3E3ACA-7B95-4353-BA3A-32DB9C509259}.Release|ARM64.ActiveCfg = Release|Win32
		{DB3E3ACA-7B95-4353-BA3A-32DB9C509259}.Release|x64.ActiveCfg = Release|x64
		{DB3E3ACA-7B95-4353-BA3A-32DB9C509259}.Release|x64.Build.0 = Release|x64
		{DB3E3ACA-7B95-4353-BA3A-32DB9C509259}.Release|x86.ActiveCfg = Release|Win32
		{DB3E3ACA-7B95-4353-BA3A-32DB9C509259}.Release|x86.Build.0 = Release|Win32
		{32870CDB-0848-456C-9AC3-7DEFEC10F475}.Debug|Any CPU.ActiveCfg = Debug|Win32
		{32870CDB-0848-456C-9AC3-7DEFEC10F475}.Debug|ARM.ActiveCfg = Debug|Win32
		{32870CDB-0848-456C-9AC3-7DEFEC10F475}.Debug|ARM64.ActiveCfg = Debug|Win32
		{32870CDB-0848-456C-9AC3-7DEFEC10F475}.Debug|x64.ActiveCfg = Debug|x64
		{32870CDB-0848-456C-9AC3-7DEFEC10F475}.Debug|x64.Build.0 = Debug|x64
		{32870CDB-0848-456C-9AC3-7DEFEC10F475}.Debug|x86.ActiveCfg = Debug|Win32
		{32870CDB-0848-456C-9AC3-7DEFEC10F475}.Debug|x86.Build.0 = Debug|Win32
		{32870CDB-0848-456C-9AC3-7DEFEC10F475}.Release|Any CPU.ActiveCfg = Release|Win32
		{32870CDB-0848-456C-9AC3-7DEFEC10F475}.Release|ARM.ActiveCfg = Release|Win32
		{32870CDB-0848-456C-9AC3-7DEFEC10F475}.Release|ARM64.ActiveCfg = Release|Win32
		{32870CDB-0848-456C-9AC3-7DEFEC10F475}.Release|x64.ActiveCfg = Release|x64
		{32870CDB-0848-456C-9AC3-7DEFEC10F475}.Release|x64.Build.0 = Release|x64
		{32870CDB-0848-456C-9AC3-7DEFEC10F475}.Release|x86.ActiveCfg = Release|Win32
		{32870CDB-0848-456C-9AC3-7DEFEC10F475}.Release|x86.Build.0 = Release|Win32
	EndGlobalSection
	GlobalSection(SolutionProperties) = preSolution
		HideSolutionNode = FALSE
	EndGlobalSection
	GlobalSection(ExtensibilityGlobals) = postSolution
		SolutionGuid = {998825B9-E109-4844-8A2F-052984F635A5}
	EndGlobalSection
EndGlobal
